
Microsoft Visual Studio Solution File, Format Version 12.00
# Visual Studio 15
VisualStudioVersion = 15.0.28010.2016
MinimumVisualStudioVersion = 10.0.40219.1
Project("{FAE04EC0-301F-11D3-BF4B-00C04F79EFBC}") = "CIS4290_SeniorProject", "CIS4290_SeniorProject\CIS4290_SeniorProject.csproj", "{B1F741A3-29F7-49AE-8262-7C89E1BE4413}"
EndProject
Global
	GlobalSection(SolutionConfigurationPlatforms) = preSolution
		Debug|Any CPU = Debug|Any CPU
		Release|Any CPU = Release|Any CPU
	EndGlobalSection
	GlobalSection(ProjectConfigurationPlatforms) = postSolution
		{B1F741A3-29F7-49AE-8262-7C89E1BE4413}.Debug|Any CPU.ActiveCfg = Debug|Any CPU
		{B1F741A3-29F7-49AE-8262-7C89E1BE4413}.Debug|Any CPU.Build.0 = Debug|Any CPU
		{B1F741A3-29F7-49AE-8262-7C89E1BE4413}.Release|Any CPU.ActiveCfg = Release|Any CPU
		{B1F741A3-29F7-49AE-8262-7C89E1BE4413}.Release|Any CPU.Build.0 = Release|Any CPU
	EndGlobalSection
	GlobalSection(SolutionProperties) = preSolution
		HideSolutionNode = FALSE
	EndGlobalSection
	GlobalSection(ExtensibilityGlobals) = postSolution
		SolutionGuid = {1FAEF26F-1654-4272-824B-535F7492B2B6}
	EndGlobalSection
EndGlobal
